
Microsoft Visual Studio Solution File, Format Version 12.00
# Visual Studio 15
VisualStudioVersion = 15.0.27004.2005
MinimumVisualStudioVersion = 10.0.40219.1
Project("{FAE04EC0-301F-11D3-BF4B-00C04F79EFBC}") = "ApiClient", "ApiClient\ApiClient.csproj", "{E58761DD-5DC6-4353-86ED-131F19F4B469}"
EndProject
Project("{FAE04EC0-301F-11D3-BF4B-00C04F79EFBC}") = "TestV4", "TestV4\TestV4.csproj", "{67BB26BA-DDE8-4033-828B-690883D0DA2C}"
EndProject
Project("{2150E333-8FDC-42A3-9474-1A3956D46DE8}") = ".nuget", ".nuget", "{D4356CEF-B877-476B-BEE5-2043CEFE3445}"
	ProjectSection(SolutionItems) = preProject
		.nuget\NuGet.Config = .nuget\NuGet.Config
		.nuget\NuGet.exe = .nuget\NuGet.exe
		.nuget\NuGet.targets = .nuget\NuGet.targets
	EndProjectSection
EndProject
Global
	GlobalSection(SolutionConfigurationPlatforms) = preSolution
		Debug|Any CPU = Debug|Any CPU
		Integration|Any CPU = Integration|Any CPU
		Release|Any CPU = Release|Any CPU
	EndGlobalSection
	GlobalSection(ProjectConfigurationPlatforms) = postSolution
		{E58761DD-5DC6-4353-86ED-131F19F4B469}.Debug|Any CPU.ActiveCfg = Debug|Any CPU
		{E58761DD-5DC6-4353-86ED-131F19F4B469}.Debug|Any CPU.Build.0 = Debug|Any CPU
		{E58761DD-5DC6-4353-86ED-131F19F4B469}.Integration|Any CPU.ActiveCfg = Integration|Any CPU
		{E58761DD-5DC6-4353-86ED-131F19F4B469}.Integration|Any CPU.Build.0 = Integration|Any CPU
		{E58761DD-5DC6-4353-86ED-131F19F4B469}.Release|Any CPU.ActiveCfg = Release|Any CPU
		{E58761DD-5DC6-4353-86ED-131F19F4B469}.Release|Any CPU.Build.0 = Release|Any CPU
		{67BB26BA-DDE8-4033-828B-690883D0DA2C}.Debug|Any CPU.ActiveCfg = Debug|Any CPU
		{67BB26BA-DDE8-4033-828B-690883D0DA2C}.Debug|Any CPU.Build.0 = Debug|Any CPU
		{67BB26BA-DDE8-4033-828B-690883D0DA2C}.Integration|Any CPU.ActiveCfg = Release|Any CPU
		{67BB26BA-DDE8-4033-828B-690883D0DA2C}.Integration|Any CPU.Build.0 = Release|Any CPU
		{67BB26BA-DDE8-4033-828B-690883D0DA2C}.Release|Any CPU.ActiveCfg = Release|Any CPU
		{67BB26BA-DDE8-4033-828B-690883D0DA2C}.Release|Any CPU.Build.0 = Release|Any CPU
	EndGlobalSection
	GlobalSection(SolutionProperties) = preSolution
		HideSolutionNode = FALSE
	EndGlobalSection
	GlobalSection(ExtensibilityGlobals) = postSolution
		SolutionGuid = {8F0AAE59-905D-4181-82A0-9658AC2829ED}
	EndGlobalSection
EndGlobal
